{
  "name": "rock-paper-scissors",
  "lockfileVersion": 2,
  "requires": true,
  "packages": {
    "": {
      "dependencies": {
        "@fontsource/creepster": "^4.5.7"
      }
    },
    "node_modules/@fontsource/creepster": {
      "version": "4.5.7",
      "resolved": "https://registry.npmjs.org/@fontsource/creepster/-/creepster-4.5.7.tgz",
      "integrity": "sha512-1wfitrfzzBgRX/B+AA0ySSR3uY8PLFULz+GytrOowBtG/BFJ0cIXbwMpqY6O1JAvFoYArsmNubwpqwCOXjj+Cg=="
    }
  },
  "dependencies": {
    "@fontsource/creepster": {
      "version": "4.5.7",
      "resolved": "https://registry.npmjs.org/@fontsource/creepster/-/creepster-4.5.7.tgz",
      "integrity": "sha512-1wfitrfzzBgRX/B+AA0ySSR3uY8PLFULz+GytrOowBtG/BFJ0cIXbwMpqY6O1JAvFoYArsmNubwpqwCOXjj+Cg=="
    }
  }
}
